// !$*UTF8*$!
{
	archiveVersion = 1;
	classes = {
	};
	objectVersion = 77;
	objects = {

/* Begin PBXBuildFile section */
		FC89F2B83012AF6B004258DB /* Stickers.appex in Embed Foundation Extensions */ = {isa = PBXBuildFile; fileRef = FC89F2B13012AF69004258DB /* Stickers.appex */; settings = {ATTRIBUTES = (RemoveHeadersOnCopy, ); }; };
/* End PBXBuildFile section */

/* Begin PBXContainerItemProxy section */
		FC89F2B63012AF6B004258DB /* PBXContainerItemProxy */ = {
			isa = PBXContainerItemProxy;
			containerPortal = FCA47CBB2FF76F7C00E5905B /* Project object */;
			proxyType = 1;
			remoteGlobalIDString = FC89F2B03012AF69004258DB;
			remoteInfo = Stickers;
		};
		FCA47CD32FF76F7F00E5905B /* PBXContainerItemProxy */ = {
			isa = PBXContainerItemProxy;
			containerPortal = FCA47CBB2FF76F7C00E5905B /* Project object */;
			proxyType = 1;
			remoteGlobalIDString = FCA47CC22FF76F7C00E5905B;
			remoteInfo = Africa;
		};
		FCA47CDD2FF76F7F00E5905B /* PBXContainerItemProxy */ = {
			isa = PBXContainerItemProxy;
			containerPortal = FCA47CBB2FF76F7C00E5905B /* Project object */;
			proxyType = 1;
			remoteGlobalIDString = FCA47CC22FF76F7C00E5905B;
			remoteInfo = Africa;
		};
/* End PBXContainerItemProxy section */

/* Begin PBXCopyFilesBuildPhase section */
		FC89F2BD3012AF6B004258DB /* Embed Foundation Extensions */ = {
			isa = PBXCopyFilesBuildPhase;
			buildActionMask = 2147483647;
			dstPath = "";
			dstSubfolderSpec = 13;
			files = (
				FC89F2B83012AF6B004258DB /* Stickers.appex in Embed Foundation Extensions */,
			);
			name = "Embed Foundation Extensions";
			runOnlyForDeploymentPostprocessing = 0;
		};
/* End PBXCopyFilesBuildPhase section */

/* Begin PBXFileReference section */
		FC89F2B13012AF69004258DB /* Stickers.appex */ = {isa = PBXFileReference; explicitFileType = "wrapper.app-extension"; includeInIndex = 0; path = Stickers.appex; sourceTree = BUILT_PRODUCTS_DIR; };
		FCA47CC32FF76F7C00E5905B /* Africa.app */ = {isa = PBXFileReference; explicitFileType = wrapper.application; includeInIndex = 0; path = Africa.app; sourceTree = BUILT_PRODUCTS_DIR; };
		FCA47CD22FF76F7F00E5905B /* AfricaTests.xctest */ = {isa = PBXFileReference; explicitFileType = wrapper.cfbundle; includeInIndex = 0; path = AfricaTests.xctest; sourceTree = BUILT_PRODUCTS_DIR; };
		FCA47CDC2FF76F7F00E5905B /* AfricaUITests.xctest */ = {isa = PBXFileReference; explicitFileType = wrapper.cfbundle; includeInIndex = 0; path = AfricaUITests.xctest; sourceTree = BUILT_PRODUCTS_DIR; };
/* End PBXFileReference section */

/* Begin PBXFileSystemSynchronizedBuildFileExceptionSet section */
		FC89F2BC3012AF6B004258DB /* Exceptions for "Stickers" folder in "Stickers" target */ = {
			isa = PBXFileSystemSynchronizedBuildFileExceptionSet;
			membershipExceptions = (
				Info.plist,
			);
			target = FC89F2B03012AF69004258DB /* Stickers */;
		};
		FCA47D0E2FFB6F5500E5905B /* Exceptions for "Africa" folder in "Africa" target */ = {
			isa = PBXFileSystemSynchronizedBuildFileExceptionSet;
			membershipExceptions = (
				Info.plist,
			);
			target = FCA47CC22FF76F7C00E5905B /* Africa */;
		};
/* End PBXFileSystemSynchronizedBuildFileExceptionSet section */

/* Begin PBXFileSystemSynchronizedRootGroup section */
		FC89F2B23012AF69004258DB /* Stickers */ = {
			isa = PBXFileSystemSynchronizedRootGroup;
			exceptions = (
				FC89F2BC3012AF6B004258DB /* Exceptions for "Stickers" folder in "Stickers" target */,
			);
			path = Stickers;
			sourceTree = "<group>";
		};
		FCA47CC52FF76F7C00E5905B /* Africa */ = {
			isa = PBXFileSystemSynchronizedRootGroup;
			exceptions = (
				FCA47D0E2FFB6F5500E5905B /* Exceptions for "Africa" folder in "Africa" target */,
			);
			path = Africa;
			sourceTree = "<group>";
		};
		FCA47CD52FF76F7F00E5905B /* AfricaTests */ = {
			isa = PBXFileSystemSynchronizedRootGroup;
			path = AfricaTests;
			sourceTree = "<group>";
		};
		FCA47CDF2FF76F7F00E5905B /* AfricaUITests */ = {
			isa = PBXFileSystemSynchronizedRootGroup;
			path = AfricaUITests;
			sourceTree = "<group>";
		};
/* End PBXFileSystemSynchronizedRootGroup section */

/* Begin PBXFrameworksBuildPhase section */
		FCA47CC02FF76F7C00E5905B /* Frameworks */ = {
			isa = PBXFrameworksBuildPhase;
			buildActionMask = 2147483647;
			files = (
			);
			runOnlyForDeploymentPostprocessing = 0;
		};
		FCA47CCF2FF76F7F00E5905B /* Frameworks */ = {
			isa = PBXFrameworksBuildPhase;
			buildActionMask = 2147483647;
			files = (
			);
			runOnlyForDeploymentPostprocessing = 0;
		};
		FCA47CD92FF76F7F00E5905B /* Frameworks */ = {
			isa = PBXFrameworksBuildPhase;
			buildActionMask = 2147483647;
			files = (
			);
			runOnlyForDeploymentPostprocessing = 0;
		};
/* End PBXFrameworksBuildPhase section */

/* Begin PBXGroup section */
		FCA47CBA2FF76F7C00E5905B = {
			isa = PBXGroup;
			children = (
				FCA47CC52FF76F7C00E5905B /* Africa */,
				FCA47CD52FF76F7F00E5905B /* AfricaTests */,
				FCA47CDF2FF76F7F00E5905B /* AfricaUITests */,
				FC89F2B23012AF69004258DB /* Stickers */,
				FCA47CC42FF76F7C00E5905B /* Products */,
			);
			sourceTree = "<group>";
		};
		FCA47CC42FF76F7C00E5905B /* Products */ = {
			isa = PBXGroup;
			children = (
				FCA47CC32FF76F7C00E5905B /* Africa.app */,
				FCA47CD22FF76F7F00E5905B /* AfricaTests.xctest */,
				FCA47CDC2FF76F7F00E5905B /* AfricaUITests.xctest */,
				FC89F2B13012AF69004258DB /* Stickers.appex */,
			);
			name = Products;
			sourceTree = "<group>";
		};
/* End PBXGroup section */

/* Begin PBXNativeTarget section */
		FC89F2B03012AF69004258DB /* Stickers */ = {
			isa = PBXNativeTarget;
			buildConfigurationList = FC89F2B93012AF6B004258DB /* Build configuration list for PBXNativeTarget "Stickers" */;
			buildPhases = (
				FC89F2AF3012AF69004258DB /* Resources */,
			);
			buildRules = (
			);
			dependencies = (
			);
			fileSystemSynchronizedGroups = (
				FC89F2B23012AF69004258DB /* Stickers */,
			);
			name = Stickers;
			packageProductDependencies = (
			);
			productName = Stickers;
			productReference = FC89F2B13012AF69004258DB /* Stickers.appex */;
			productType = "com.apple.product-type.app-extension.messages-sticker-pack";
		};
		FCA47CC22FF76F7C00E5905B /* Africa */ = {
			isa = PBXNativeTarget;
			buildConfigurationList = FCA47CE62FF76F7F00E5905B /* Build configuration list for PBXNativeTarget "Africa" */;
			buildPhases = (
				FCA47CBF2FF76F7C00E5905B /* Sources */,
				FCA47CC02FF76F7C00E5905B /* Frameworks */,
				FCA47CC12FF76F7C00E5905B /* Resources */,
				FC89F2BD3012AF6B004258DB /* Embed Foundation Extensions */,
			);
			buildRules = (
			);
			dependencies = (
				FC89F2B73012AF6B004258DB /* PBXTargetDependency */,
			);
			fileSystemSynchronizedGroups = (
				FCA47CC52FF76F7C00E5905B /* Africa */,
			);
			name = Africa;
			packageProductDependencies = (
			);
			productName = Africa;
			productReference = FCA47CC32FF76F7C00E5905B /* Africa.app */;
			productType = "com.apple.product-type.application";
		};
		FCA47CD12FF76F7F00E5905B /* AfricaTests */ = {
			isa = PBXNativeTarget;
			buildConfigurationList = FCA47CE92FF76F7F00E5905B /* Build configuration list for PBXNativeTarget "AfricaTests" */;
			buildPhases = (
				FCA47CCE2FF76F7F00E5905B /* Sources */,
				FCA47CCF2FF76F7F00E5905B /* Frameworks */,
				FCA47CD02FF76F7F00E5905B /* Resources */,
			);
			buildRules = (
			);
			dependencies = (
				FCA47CD42FF76F7F00E5905B /* PBXTargetDependency */,
			);
			fileSystemSynchronizedGroups = (
				FCA47CD52FF76F7F00E5905B /* AfricaTests */,
			);
			name = AfricaTests;
			packageProductDependencies = (
			);
			productName = AfricaTests;
			productReference = FCA47CD22FF76F7F00E5905B /* AfricaTests.xctest */;
			productType = "com.apple.product-type.bundle.unit-test";
		};
		FCA47CDB2FF76F7F00E5905B /* AfricaUITests */ = {
			isa = PBXNativeTarget;
			buildConfigurationList = FCA47CEC2FF76F7F00E5905B /* Build configuration list for PBXNativeTarget "AfricaUITests" */;
			buildPhases = (
				FCA47CD82FF76F7F00E5905B /* Sources */,
				FCA47CD92FF76F7F00E5905B /* Frameworks */,
				FCA47CDA2FF76F7F00E5905B /* Resources */,
			);
			buildRules = (
			);
			dependencies = (
				FCA47CDE2FF76F7F00E5905B /* PBXTargetDependency */,
			);
			fileSystemSynchronizedGroups = (
				FCA47CDF2FF76F7F00E5905B /* AfricaUITests */,
			);
			name = AfricaUITests;
			packageProductDependencies = (
			);
			productName = AfricaUITests;
			productReference = FCA47CDC2FF76F7F00E5905B /* AfricaUITests.xctest */;
			productType = "com.apple.product-type.bundle.ui-testing";
		};
/* End PBXNativeTarget section */

/* Begin PBXProject section */
		FCA47CBB2FF76F7C00E5905B /* Project object */ = {
			isa = PBXProject;
			attributes = {
				BuildIndependentTargetsInParallel = 1;
				LastSwiftUpdateCheck = 2640;
				LastUpgradeCheck = 2640;
				TargetAttributes = {
					FC89F2B03012AF69004258DB = {
						CreatedOnToolsVersion = 26.4;
					};
					FCA47CC22FF76F7C00E5905B = {
						CreatedOnToolsVersion = 26.4;
					};
					FCA47CD12FF76F7F00E5905B = {
						CreatedOnToolsVersion = 26.4;
						TestTargetID = FCA47CC22FF76F7C00E5905B;
					};
					FCA47CDB2FF76F7F00E5905B = {
						CreatedOnToolsVersion = 26.4;
						TestTargetID = FCA47CC22FF76F7C00E5905B;
					};
				};
			};
			buildConfigurationList = FCA47CBE2FF76F7C00E5905B /* Build configuration list for PBXProject "Africa" */;
			developmentRegion = en;
			hasScannedForEncodings = 0;
			knownRegions = (
				en,
				Base,
			);
			mainGroup = FCA47CBA2FF76F7C00E5905B;
			minimizedProjectReferenceProxies = 1;
			preferredProjectObjectVersion = 77;
			productRefGroup = FCA47CC42FF76F7C00E5905B /* Products */;
			projectDirPath = "";
			projectRoot = "";
			targets = (
				FCA47CC22FF76F7C00E5905B /* Africa */,
				FCA47CD12FF76F7F00E5905B /* AfricaTests */,
				FCA47CDB2FF76F7F00E5905B /* AfricaUITests */,
				FC89F2B03012AF69004258DB /* Stickers */,
			);
		};
/* End PBXProject section */

/* Begin PBXResourcesBuildPhase section */
		FC89F2AF3012AF69004258DB /* Resources */ = {
			isa = PBXResourcesBuildPhase;
			buildActionMask = 2147483647;
			files = (
			);
			runOnlyForDeploymentPostprocessing = 0;
		};
		FCA47CC12FF76F7C00E5905B /* Resources */ = {
			isa = PBXResourcesBuildPhase;
			buildActionMask = 2147483647;
			files = (
			);
			runOnlyForDeploymentPostprocessing = 0;
		};
		FCA47CD02FF76F7F00E5905B /* Resources */ = {
			isa = PBXResourcesBuildPhase;
			buildActionMask = 2147483647;
			files = (
			);
			runOnlyForDeploymentPostprocessing = 0;
		};
		FCA47CDA2FF76F7F00E5905B /* Resources */ = {
			isa = PBXResourcesBuildPhase;
			buildActionMask = 2147483647;
			files = (
			);
			runOnlyForDeploymentPostprocessing = 0;
		};
/* End PBXResourcesBuildPhase section */

/* Begin PBXSourcesBuildPhase section */
		FCA47CBF2FF76F7C00E5905B /* Sources */ = {
			isa = PBXSourcesBuildPhase;
			buildActionMask = 2147483647;
			files = (
			);
			runOnlyForDeploymentPostprocessing = 0;
		};
		FCA47CCE2FF76F7F00E5905B /* Sources */ = {
			isa = PBXSourcesBuildPhase;
			buildActionMask = 2147483647;
			files = (
			);
			runOnlyForDeploymentPostprocessing = 0;
		};
		FCA47CD82FF76F7F00E5905B /* Sources */ = {
			isa = PBXSourcesBuildPhase;
			buildActionMask = 2147483647;
			files = (
			);
			runOnlyForDeploymentPostprocessing = 0;
		};
/* End PBXSourcesBuildPhase section */

/* Begin PBXTargetDependency section */
		FC89F2B73012AF6B004258DB /* PBXTargetDependency */ = {
			isa = PBXTargetDependency;
			target = FC89F2B03012AF69004258DB /* Stickers */;
			targetProxy = FC89F2B63012AF6B004258DB /* PBXContainerItemProxy */;
		};
		FCA47CD42FF76F7F00E5905B /* PBXTargetDependency */ = {
			isa = PBXTargetDependency;
			target = FCA47CC22FF76F7C00E5905B /* Africa */;
			targetProxy = FCA47CD32FF76F7F00E5905B /* PBXContainerItemProxy */;
		};
		FCA47CDE2FF76F7F00E5905B /* PBXTargetDependency */ = {
			isa = PBXTargetDependency;
			target = FCA47CC22FF76F7C00E5905B /* Africa */;
			targetProxy = FCA47CDD2FF76F7F00E5905B /* PBXContainerItemProxy */;
		};
/* End PBXTargetDependency section */

/* Begin XCBuildConfiguration section */
		FC89F2BA3012AF6B004258DB /* Debug */ = {
			isa = XCBuildConfiguration;
			buildSettings = {
				ASSETCATALOG_COMPILER_APPICON_NAME = "iMessage App Icon";
				CODE_SIGN_IDENTITY = "Apple Development";
				CODE_SIGN_STYLE = Automatic;
				CURRENT_PROJECT_VERSION = 1;
				DEVELOPMENT_TEAM = H2D8W5LRPY;
				GENERATE_INFOPLIST_FILE = YES;
				INFOPLIST_FILE = Stickers/Info.plist;
				INFOPLIST_KEY_CFBundleDisplayName = Africa;
				INFOPLIST_KEY_NSStickerSharingLevel = OS;
				MARKETING_VERSION = 1.0;
				PRODUCT_BUNDLE_IDENTIFIER = com.dhruvpatel.Africa.Stickers;
				PRODUCT_NAME = "$(TARGET_NAME)";
				SKIP_INSTALL = YES;
				STRING_CATALOG_GENERATE_SYMBOLS = YES;
				SWIFT_EMIT_LOC_STRINGS = YES;
				TARGETED_DEVICE_FAMILY = "1,2";
			};
			name = Debug;
		};
		FC89F2BB3012AF6B004258DB /* Release */ = {
			isa = XCBuildConfiguration;
			buildSettings = {
				ASSETCATALOG_COMPILER_APPICON_NAME = "iMessage App Icon";
				CODE_SIGN_IDENTITY = "Apple Development";
				CODE_SIGN_STYLE = Automatic;
				CURRENT_PROJECT_VERSION = 1;
				DEVELOPMENT_TEAM = H2D8W5LRPY;
				GENERATE_INFOPLIST_FILE = YES;
				INFOPLIST_FILE = Stickers/Info.plist;
				INFOPLIST_KEY_CFBundleDisplayName = Africa;
				INFOPLIST_KEY_NSStickerSharingLevel = OS;
				MARKETING_VERSION = 1.0;
				PRODUCT_BUNDLE_IDENTIFIER = com.dhruvpatel.Africa.Stickers;
				PRODUCT_NAME = "$(TARGET_NAME)";
				SKIP_INSTALL = YES;
				STRING_CATALOG_GENERATE_SYMBOLS = YES;
				SWIFT_EMIT_LOC_STRINGS = YES;
				TARGETED_DEVICE_FAMILY = "1,2";
			};
			name = Release;
		};
		FCA47CE42FF76F7F00E5905B /* Debug */ = {
			isa = XCBuildConfiguration;
			buildSettings = {
				ALWAYS_SEARCH_USER_PATHS = NO;
				ASSETCATALOG_COMPILER_GENERATE_SWIFT_ASSET_SYMBOL_EXTENSIONS = YES;
				CLANG_ANALYZER_NONNULL = YES;
				CLANG_ANALYZER_NUMBER_OBJECT_CONVERSION = YES_AGGRESSIVE;
				CLANG_CXX_LANGUAGE_STANDARD = "gnu++20";
				CLANG_ENABLE_MODULES = YES;
				CLANG_ENABLE_OBJC_ARC = YES;
				CLANG_ENABLE_OBJC_WEAK = YES;
				CLANG_WARN_BLOCK_CAPTURE_AUTORELEASING = YES;
				CLANG_WARN_BOOL_CONVERSION = YES;
				CLANG_WARN_COMMA = YES;
				CLANG_WARN_CONSTANT_CONVERSION = YES;
				CLANG_WARN_DEPRECATED_OBJC_IMPLEMENTATIONS = YES;
				CLANG_WARN_DIRECT_OBJC_ISA_USAGE = YES_ERROR;
				CLANG_WARN_DOCUMENTATION_COMMENTS = YES;
				CLANG_WARN_EMPTY_BODY = YES;
				CLANG_WARN_ENUM_CONVERSION = YES;
				CLANG_WARN_INFINITE_RECURSION = YES;
				CLANG_WARN_INT_CONVERSION = YES;
				CLANG_WARN_NON_LITERAL_NULL_CONVERSION = YES;
				CLANG_WARN_OBJC_IMPLICIT_RETAIN_SELF = YES;
				CLANG_WARN_OBJC_LITERAL_CONVERSION = YES;
				CLANG_WARN_OBJC_ROOT_CLASS = YES_ERROR;
				CLANG_WARN_QUOTED_INCLUDE_IN_FRAMEWORK_HEADER = YES;
				CLANG_WARN_RANGE_LOOP_ANALYSIS = YES;
				CLANG_WARN_STRICT_PROTOTYPES = YES;
				CLANG_WARN_SUSPICIOUS_MOVE = YES;
				CLANG_WARN_UNGUARDED_AVAILABILITY = YES_AGGRESSIVE;
				CLANG_WARN_UNREACHABLE_CODE = YES;
				CLANG_WARN__DUPLICATE_METHOD_MATCH = YES;
				COPY_PHASE_STRIP = NO;
				DEBUG_INFORMATION_FORMAT = dwarf;
				DEVELOPMENT_TEAM = H2D8W5LRPY;
				ENABLE_STRICT_OBJC_MSGSEND = YES;
				ENABLE_TESTABILITY = YES;
				ENABLE_USER_SCRIPT_SANDBOXING = YES;
				GCC_C_LANGUAGE_STANDARD = gnu17;
				GCC_DYNAMIC_NO_PIC = NO;
				GCC_NO_COMMON_BLOCKS = YES;
				GCC_OPTIMIZATION_LEVEL = 0;
				GCC_PREPROCESSOR_DEFINITIONS = (
					"DEBUG=1",
					"$(inherited)",
				);
				GCC_WARN_64_TO_32_BIT_CONVERSION = YES;
				GCC_WARN_ABOUT_RETURN_TYPE = YES_ERROR;
				GCC_WARN_UNDECLARED_SELECTOR = YES;
				GCC_WARN_UNINITIALIZED_AUTOS = YES_AGGRESSIVE;
				GCC_WARN_UNUSED_FUNCTION = YES;
				GCC_WARN_UNUSED_VARIABLE = YES;
				IPHONEOS_DEPLOYMENT_TARGET = 26.4;
				LOCALIZATION_PREFERS_STRING_CATALOGS = YES;
				MTL_ENABLE_DEBUG_INFO = INCLUDE_SOURCE;
				MTL_FAST_MATH = YES;
				ONLY_ACTIVE_ARCH = YES;
				SDKROOT = iphoneos;
				SWIFT_ACTIVE_COMPILATION_CONDITIONS = "DEBUG $(inherited)";
				SWIFT_OPTIMIZATION_LEVEL = "-Onone";
			};
			name = Debug;
		};
		FCA47CE52FF76F7F00E5905B /* Release */ = {
			isa = XCBuildConfiguration;
			buildSettings = {
				ALWAYS_SEARCH_USER_PATHS = NO;
				ASSETCATALOG_COMPILER_GENERATE_SWIFT_ASSET_SYMBOL_EXTENSIONS = YES;
				CLANG_ANALYZER_NONNULL = YES;
				CLANG_ANALYZER_NUMBER_OBJECT_CONVERSION = YES_AGGRESSIVE;
				CLANG_CXX_LANGUAGE_STANDARD = "gnu++20";
				CLANG_ENABLE_MODULES = YES;
				CLANG_ENABLE_OBJC_ARC = YES;
				CLANG_ENABLE_OBJC_WEAK = YES;
				CLANG_WARN_BLOCK_CAPTURE_AUTORELEASING = YES;
				CLANG_WARN_BOOL_CONVERSION = YES;
				CLANG_WARN_COMMA = YES;
				CLANG_WARN_CONSTANT_CONVERSION = YES;
				CLANG_WARN_DEPRECATED_OBJC_IMPLEMENTATIONS = YES;
				CLANG_WARN_DIRECT_OBJC_ISA_USAGE = YES_ERROR;
				CLANG_WARN_DOCUMENTATION_COMMENTS = YES;
				CLANG_WARN_EMPTY_BODY = YES;
				CLANG_WARN_ENUM_CONVERSION = YES;
				CLANG_WARN_INFINITE_RECURSION = YES;
				CLANG_WARN_INT_CONVERSION = YES;
				CLANG_WARN_NON_LITERAL_NULL_CONVERSION = YES;
				CLANG_WARN_OBJC_IMPLICIT_RETAIN_SELF = YES;
				CLANG_WARN_OBJC_LITERAL_CONVERSION = YES;
				CLANG_WARN_OBJC_ROOT_CLASS = YES_ERROR;
				CLANG_WARN_QUOTED_INCLUDE_IN_FRAMEWORK_HEADER = YES;
				CLANG_WARN_RANGE_LOOP_ANALYSIS = YES;
				CLANG_WARN_STRICT_PROTOTYPES = YES;
				CLANG_WARN_SUSPICIOUS_MOVE = YES;
				CLANG_WARN_UNGUARDED_AVAILABILITY = YES_AGGRESSIVE;
				CLANG_WARN_UNREACHABLE_CODE = YES;
				CLANG_WARN__DUPLICATE_METHOD_MATCH = YES;
				COPY_PHASE_STRIP = NO;
				DEBUG_INFORMATION_FORMAT = "dwarf-with-dsym";
				DEVELOPMENT_TEAM = H2D8W5LRPY;
				ENABLE_NS_ASSERTIONS = NO;
				ENABLE_STRICT_OBJC_MSGSEND = YES;
				ENABLE_USER_SCRIPT_SANDBOXING = YES;
				GCC_C_LANGUAGE_STANDARD = gnu17;
				GCC_NO_COMMON_BLOCKS = YES;
				GCC_WARN_64_TO_32_BIT_CONVERSION = YES;
				GCC_WARN_ABOUT_RETURN_TYPE = YES_ERROR;
				GCC_WARN_UNDECLARED_SELECTOR = YES;
				GCC_WARN_UNINITIALIZED_AUTOS = YES_AGGRESSIVE;
				GCC_WARN_UNUSED_FUNCTION = YES;
				GCC_WARN_UNUSED_VARIABLE = YES;
				IPHONEOS_DEPLOYMENT_TARGET = 26.4;
				LOCALIZATION_PREFERS_STRING_CATALOGS = YES;
				MTL_ENABLE_DEBUG_INFO = NO;
				MTL_FAST_MATH = YES;
				SDKROOT = iphoneos;
				SWIFT_COMPILATION_MODE = wholemodule;
				VALIDATE_PRODUCT = YES;
			};
			name = Release;
		};
		FCA47CE72FF76F7F00E5905B /* Debug */ = {
			isa = XCBuildConfiguration;
			buildSettings = {
				ASSETCATALOG_COMPILER_APPICON_NAME = AppIcon;
				ASSETCATALOG_COMPILER_GLOBAL_ACCENT_COLOR_NAME = AccentColor;
				CODE_SIGN_IDENTITY = "Apple Development";
				CODE_SIGN_STYLE = Automatic;
				CURRENT_PROJECT_VERSION = 1;
				DEVELOPMENT_TEAM = H2D8W5LRPY;
				ENABLE_PREVIEWS = YES;
				GENERATE_INFOPLIST_FILE = YES;
				INFOPLIST_FILE = Africa/Info.plist;
				INFOPLIST_KEY_UIApplicationSceneManifest_Generation = YES;
				INFOPLIST_KEY_UIApplicationSupportsIndirectInputEvents = YES;
				INFOPLIST_KEY_UISupportedInterfaceOrientations_iPad = "UIInterfaceOrientationPortrait UIInterfaceOrientationPortraitUpsideDown UIInterfaceOrientationLandscapeLeft UIInterfaceOrientationLandscapeRight";
				INFOPLIST_KEY_UISupportedInterfaceOrientations_iPhone = "UIInterfaceOrientationPortrait UIInterfaceOrientationLandscapeLeft UIInterfaceOrientationLandscapeRight";
				INFOPLIST_KEY_UIUserInterfaceStyle = Dark;
				LD_RUNPATH_SEARCH_PATHS = (
					"$(inherited)",
					"@executable_path/Frameworks",
				);
				MARKETING_VERSION = 1.0;
				PRODUCT_BUNDLE_IDENTIFIER = com.dhruvpatel.Africa;
				PRODUCT_NAME = "$(TARGET_NAME)";
				PROVISIONING_PROFILE_SPECIFIER = "";
				STRING_CATALOG_GENERATE_SYMBOLS = YES;
				SWIFT_APPROACHABLE_CONCURRENCY = YES;
				SWIFT_DEFAULT_ACTOR_ISOLATION = MainActor;
				SWIFT_EMIT_LOC_STRINGS = YES;
				SWIFT_UPCOMING_FEATURE_MEMBER_IMPORT_VISIBILITY = YES;
				SWIFT_VERSION = 5.0;
				TARGETED_DEVICE_FAMILY = "1,2";
			};
			name = Debug;
		};
		FCA47CE82FF76F7F00E5905B /* Release */ = {
			isa = XCBuildConfiguration;
			buildSettings = {
				ASSETCATALOG_COMPILER_APPICON_NAME = AppIcon;
				ASSETCATALOG_COMPILER_GLOBAL_ACCENT_COLOR_NAME = AccentColor;
				CODE_SIGN_IDENTITY = "Apple Development";
				CODE_SIGN_STYLE = Automatic;
				CURRENT_PROJECT_VERSION = 1;
				DEVELOPMENT_TEAM = H2D8W5LRPY;
				ENABLE_PREVIEWS = YES;
				GENERATE_INFOPLIST_FILE = YES;
				INFOPLIST_FILE = Africa/Info.plist;
				INFOPLIST_KEY_UIApplicationSceneManifest_Generation = YES;
				INFOPLIST_KEY_UIApplicationSupportsIndirectInputEvents = YES;
				INFOPLIST_KEY_UISupportedInterfaceOrientations_iPad = "UIInterfaceOrientationPortrait UIInterfaceOrientationPortraitUpsideDown UIInterfaceOrientationLandscapeLeft UIInterfaceOrientationLandscapeRight";
				INFOPLIST_KEY_UISupportedInterfaceOrientations_iPhone = "UIInterfaceOrientationPortrait UIInterfaceOrientationLandscapeLeft UIInterfaceOrientationLandscapeRight";
				INFOPLIST_KEY_UIUserInterfaceStyle = Dark;
				LD_RUNPATH_SEARCH_PATHS = (
					"$(inherited)",
					"@executable_path/Frameworks",
				);
				MARKETING_VERSION = 1.0;
				PRODUCT_BUNDLE_IDENTIFIER = com.dhruvpatel.Africa;
				PRODUCT_NAME = "$(TARGET_NAME)";
				PROVISIONING_PROFILE_SPECIFIER = "";
				STRING_CATALOG_GENERATE_SYMBOLS = YES;
				SWIFT_APPROACHABLE_CONCURRENCY = YES;
				SWIFT_DEFAULT_ACTOR_ISOLATION = MainActor;
				SWIFT_EMIT_LOC_STRINGS = YES;
				SWIFT_UPCOMING_FEATURE_MEMBER_IMPORT_VISIBILITY = YES;
				SWIFT_VERSION = 5.0;
				TARGETED_DEVICE_FAMILY = "1,2";
			};
			name = Release;
		};
		FCA47CEA2FF76F7F00E5905B /* Debug */ = {
			isa = XCBuildConfiguration;
			buildSettings = {
				BUNDLE_LOADER = "$(TEST_HOST)";
				CODE_SIGN_STYLE = Automatic;
				CURRENT_PROJECT_VERSION = 1;
				DEVELOPMENT_TEAM = H2D8W5LRPY;
				GENERATE_INFOPLIST_FILE = YES;
				IPHONEOS_DEPLOYMENT_TARGET = 26.4;
				MARKETING_VERSION = 1.0;
				PRODUCT_BUNDLE_IDENTIFIER = com.dhruvpatel.AfricaTests;
				PRODUCT_NAME = "$(TARGET_NAME)";
				STRING_CATALOG_GENERATE_SYMBOLS = NO;
				SWIFT_APPROACHABLE_CONCURRENCY = YES;
				SWIFT_EMIT_LOC_STRINGS = NO;
				SWIFT_UPCOMING_FEATURE_MEMBER_IMPORT_VISIBILITY = YES;
				SWIFT_VERSION = 5.0;
				TARGETED_DEVICE_FAMILY = "1,2";
				TEST_HOST = "$(BUILT_PRODUCTS_DIR)/Africa.app/$(BUNDLE_EXECUTABLE_FOLDER_PATH)/Africa";
			};
			name = Debug;
		};
		FCA47CEB2FF76F7F00E5905B /* Release */ = {
			isa = XCBuildConfiguration;
			buildSettings = {
				BUNDLE_LOADER = "$(TEST_HOST)";
				CODE_SIGN_STYLE = Automatic;
				CURRENT_PROJECT_VERSION = 1;
				DEVELOPMENT_TEAM = H2D8W5LRPY;
				GENERATE_INFOPLIST_FILE = YES;
				IPHONEOS_DEPLOYMENT_TARGET = 26.4;
				MARKETING_VERSION = 1.0;
				PRODUCT_BUNDLE_IDENTIFIER = com.dhruvpatel.AfricaTests;
				PRODUCT_NAME = "$(TARGET_NAME)";
				STRING_CATALOG_GENERATE_SYMBOLS = NO;
				SWIFT_APPROACHABLE_CONCURRENCY = YES;
				SWIFT_EMIT_LOC_STRINGS = NO;
				SWIFT_UPCOMING_FEATURE_MEMBER_IMPORT_VISIBILITY = YES;
				SWIFT_VERSION = 5.0;
				TARGETED_DEVICE_FAMILY = "1,2";
				TEST_HOST = "$(BUILT_PRODUCTS_DIR)/Africa.app/$(BUNDLE_EXECUTABLE_FOLDER_PATH)/Africa";
			};
			name = Release;
		};
		FCA47CED2FF76F7F00E5905B /* Debug */ = {
			isa = XCBuildConfiguration;
			buildSettings = {
				CODE_SIGN_STYLE = Automatic;
				CURRENT_PROJECT_VERSION = 1;
				DEVELOPMENT_TEAM = H2D8W5LRPY;
				GENERATE_INFOPLIST_FILE = YES;
				MARKETING_VERSION = 1.0;
				PRODUCT_BUNDLE_IDENTIFIER = com.dhruvpatel.AfricaUITests;
				PRODUCT_NAME = "$(TARGET_NAME)";
				STRING_CATALOG_GENERATE_SYMBOLS = NO;
				SWIFT_APPROACHABLE_CONCURRENCY = YES;
				SWIFT_EMIT_LOC_STRINGS = NO;
				SWIFT_UPCOMING_FEATURE_MEMBER_IMPORT_VISIBILITY = YES;
				SWIFT_VERSION = 5.0;
				TARGETED_DEVICE_FAMILY = "1,2";
				TEST_TARGET_NAME = Africa;
			};
			name = Debug;
		};
		FCA47CEE2FF76F7F00E5905B /* Release */ = {
			isa = XCBuildConfiguration;
			buildSettings = {
				CODE_SIGN_STYLE = Automatic;
				CURRENT_PROJECT_VERSION = 1;
				DEVELOPMENT_TEAM = H2D8W5LRPY;
				GENERATE_INFOPLIST_FILE = YES;
				MARKETING_VERSION = 1.0;
				PRODUCT_BUNDLE_IDENTIFIER = com.dhruvpatel.AfricaUITests;
				PRODUCT_NAME = "$(TARGET_NAME)";
				STRING_CATALOG_GENERATE_SYMBOLS = NO;
				SWIFT_APPROACHABLE_CONCURRENCY = YES;
				SWIFT_EMIT_LOC_STRINGS = NO;
				SWIFT_UPCOMING_FEATURE_MEMBER_IMPORT_VISIBILITY = YES;
				SWIFT_VERSION = 5.0;
				TARGETED_DEVICE_FAMILY = "1,2";
				TEST_TARGET_NAME = Africa;
			};
			name = Release;
		};
/* End XCBuildConfiguration section */

/* Begin XCConfigurationList section */
		FC89F2B93012AF6B004258DB /* Build configuration list for PBXNativeTarget "Stickers" */ = {
			isa = XCConfigurationList;
			buildConfigurations = (
				FC89F2BA3012AF6B004258DB /* Debug */,
				FC89F2BB3012AF6B004258DB /* Release */,
			);
			defaultConfigurationIsVisible = 0;
			defaultConfigurationName = Release;
		};
		FCA47CBE2FF76F7C00E5905B /* Build configuration list for PBXProject "Africa" */ = {
			isa = XCConfigurationList;
			buildConfigurations = (
				FCA47CE42FF76F7F00E5905B /* Debug */,
				FCA47CE52FF76F7F00E5905B /* Release */,
			);
			defaultConfigurationIsVisible = 0;
			defaultConfigurationName = Release;
		};
		FCA47CE62FF76F7F00E5905B /* Build configuration list for PBXNativeTarget "Africa" */ = {
			isa = XCConfigurationList;
			buildConfigurations = (
				FCA47CE72FF76F7F00E5905B /* Debug */,
				FCA47CE82FF76F7F00E5905B /* Release */,
			);
			defaultConfigurationIsVisible = 0;
			defaultConfigurationName = Release;
		};
		FCA47CE92FF76F7F00E5905B /* Build configuration list for PBXNativeTarget "AfricaTests" */ = {
			isa = XCConfigurationList;
			buildConfigurations = (
				FCA47CEA2FF76F7F00E5905B /* Debug */,
				FCA47CEB2FF76F7F00E5905B /* Release */,
			);
			defaultConfigurationIsVisible = 0;
			defaultConfigurationName = Release;
		};
		FCA47CEC2FF76F7F00E5905B /* Build configuration list for PBXNativeTarget "AfricaUITests" */ = {
			isa = XCConfigurationList;
			buildConfigurations = (
				FCA47CED2FF76F7F00E5905B /* Debug */,
				FCA47CEE2FF76F7F00E5905B /* Release */,
			);
			defaultConfigurationIsVisible = 0;
			defaultConfigurationName = Release;
		};
/* End XCConfigurationList section */
	};
	rootObject = FCA47CBB2FF76F7C00E5905B /* Project object */;
}
